// !$*UTF8*$!
{
	archiveVersion = 1;
	classes = {
	};
	objectVersion = 55;
	objects = {

/* Begin PBXBuildFile section */
		0F1357F1ED130937FE6DDC62 /* Pods_Instagram_InstagramUITests.framework in Frameworks */ = {isa = PBXBuildFile; fileRef = 43878ADDDCEDBCCE77E9F13B /* Pods_Instagram_InstagramUITests.framework */; };
		70CB57C6F4BF3282987EB016 /* Pods_Instagram.framework in Frameworks */ = {isa = PBXBuildFile; fileRef = 15AB999B7398EBBC1DE45FA8 /* Pods_Instagram.framework */; };
		899505A64BEFFED9F2DFB34E /* Pods_InstagramTests.framework in Frameworks */ = {isa = PBXBuildFile; fileRef = AE6B9BF3FC627065464E8B7E /* Pods_InstagramTests.framework */; };
		BB50488A27ED416900A1123F /* AppDelegate.swift in Sources */ = {isa = PBXBuildFile; fileRef = BB50488927ED416900A1123F /* AppDelegate.swift */; };
		BB50488C27ED416900A1123F /* SceneDelegate.swift in Sources */ = {isa = PBXBuildFile; fileRef = BB50488B27ED416900A1123F /* SceneDelegate.swift */; };
		BB50489127ED416900A1123F /* Main.storyboard in Resources */ = {isa = PBXBuildFile; fileRef = BB50488F27ED416900A1123F /* Main.storyboard */; };
		BB50489427ED416900A1123F /* Instagram.xcdatamodeld in Sources */ = {isa = PBXBuildFile; fileRef = BB50489227ED416900A1123F /* Instagram.xcdatamodeld */; };
		BB50489627ED416C00A1123F /* Assets.xcassets in Resources */ = {isa = PBXBuildFile; fileRef = BB50489527ED416C00A1123F /* Assets.xcassets */; };
		BB50489927ED416C00A1123F /* LaunchScreen.storyboard in Resources */ = {isa = PBXBuildFile; fileRef = BB50489727ED416C00A1123F /* LaunchScreen.storyboard */; };
		BB5048A427ED416C00A1123F /* InstagramTests.swift in Sources */ = {isa = PBXBuildFile; fileRef = BB5048A327ED416C00A1123F /* InstagramTests.swift */; };
		BB5048AE27ED416C00A1123F /* InstagramUITests.swift in Sources */ = {isa = PBXBuildFile; fileRef = BB5048AD27ED416C00A1123F /* InstagramUITests.swift */; };
		BB5048B027ED416C00A1123F /* InstagramUITestsLaunchTests.swift in Sources */ = {isa = PBXBuildFile; fileRef = BB5048AF27ED416C00A1123F /* InstagramUITestsLaunchTests.swift */; };
		BB5048BD27ED46D500A1123F /* FeedViewController.swift in Sources */ = {isa = PBXBuildFile; fileRef = BB5048BC27ED46D500A1123F /* FeedViewController.swift */; };
		BB5048BF27ED46EA00A1123F /* LoginViewController.swift in Sources */ = {isa = PBXBuildFile; fileRef = BB5048BE27ED46EA00A1123F /* LoginViewController.swift */; };
		BB5048C127ED4C2200A1123F /* CameraViewController.swift in Sources */ = {isa = PBXBuildFile; fileRef = BB5048C027ED4C2200A1123F /* CameraViewController.swift */; };
		BB5048C327ED56F800A1123F /* PostCell.swift in Sources */ = {isa = PBXBuildFile; fileRef = BB5048C227ED56F800A1123F /* PostCell.swift */; };
		BBA0A24127F637B200255DFB /* CommentTableViewCell.swift in Sources */ = {isa = PBXBuildFile; fileRef = BBA0A24027F637B200255DFB /* CommentTableViewCell.swift */; };
/* End PBXBuildFile section */

/* Begin PBXContainerItemProxy section */
		BB5048A027ED416C00A1123F /* PBXContainerItemProxy */ = {
			isa = PBXContainerItemProxy;
			containerPortal = BB50487E27ED416900A1123F /* Project object */;
			proxyType = 1;
			remoteGlobalIDString = BB50488527ED416900A1123F;
			remoteInfo = Instagram;
		};
		BB5048AA27ED416C00A1123F /* PBXContainerItemProxy */ = {
			isa = PBXContainerItemProxy;
			containerPortal = BB50487E27ED416900A1123F /* Project object */;
			proxyType = 1;
			remoteGlobalIDString = BB50488527ED416900A1123F;
			remoteInfo = Instagram;
		};
/* End PBXContainerItemProxy section */

/* Begin PBXFileReference section */
		01DCB2E6AC0F4FFBBFDDDFCD /* Pods-InstagramTests.debug.xcconfig */ = {isa = PBXFileReference; includeInIndex = 1; lastKnownFileType = text.xcconfig; name = "Pods-InstagramTests.debug.xcconfig"; path = "Target Support Files/Pods-InstagramTests/Pods-InstagramTests.debug.xcconfig"; sourceTree = "<group>"; };
		15AB999B7398EBBC1DE45FA8 /* Pods_Instagram.framework */ = {isa = PBXFileReference; explicitFileType = wrapper.framework; includeInIndex = 0; path = Pods_Instagram.framework; sourceTree = BUILT_PRODUCTS_DIR; };
		16A13633D6A9BFF19EA35C5F /* Pods-Instagram.debug.xcconfig */ = {isa = PBXFileReference; includeInIndex = 1; lastKnownFileType = text.xcconfig; name = "Pods-Instagram.debug.xcconfig"; path = "Target Support Files/Pods-Instagram/Pods-Instagram.debug.xcconfig"; sourceTree = "<group>"; };
		43878ADDDCEDBCCE77E9F13B /* Pods_Instagram_InstagramUITests.framework */ = {isa = PBXFileReference; explicitFileType = wrapper.framework; includeInIndex = 0; path = Pods_Instagram_InstagramUITests.framework; sourceTree = BUILT_PRODUCTS_DIR; };
		6C72971113A08E48CDDF6792 /* Pods-Instagram-InstagramUITests.debug.xcconfig */ = {isa = PBXFileReference; includeInIndex = 1; lastKnownFileType = text.xcconfig; name = "Pods-Instagram-InstagramUITests.debug.xcconfig"; path = "Target Support Files/Pods-Instagram-InstagramUITests/Pods-Instagram-InstagramUITests.debug.xcconfig"; sourceTree = "<group>"; };
		95CC482FAFCAF600C81F798A /* Pods-Instagram.release.xcconfig */ = {isa = PBXFileReference; includeInIndex = 1; lastKnownFileType = text.xcconfig; name = "Pods-Instagram.release.xcconfig"; path = "Target Support Files/Pods-Instagram/Pods-Instagram.release.xcconfig"; sourceTree = "<group>"; };
		95E00EBFD61948AAA14F926C /* Pods-Instagram-InstagramUITests.release.xcconfig */ = {isa = PBXFileReference; includeInIndex = 1; lastKnownFileType = text.xcconfig; name = "Pods-Instagram-InstagramUITests.release.xcconfig"; path = "Target Support Files/Pods-Instagram-InstagramUITests/Pods-Instagram-InstagramUITests.release.xcconfig"; sourceTree = "<group>"; };
		A3A6C6C4EF19F072AB41925A /* Pods-InstagramTests.release.xcconfig */ = {isa = PBXFileReference; includeInIndex = 1; lastKnownFileType = text.xcconfig; name = "Pods-InstagramTests.release.xcconfig"; path = "Target Support Files/Pods-InstagramTests/Pods-InstagramTests.release.xcconfig"; sourceTree = "<group>"; };
		AE6B9BF3FC627065464E8B7E /* Pods_InstagramTests.framework */ = {isa = PBXFileReference; explicitFileType = wrapper.framework; includeInIndex = 0; path = Pods_InstagramTests.framework; sourceTree = BUILT_PRODUCTS_DIR; };
		BB50488627ED416900A1123F /* Instagram.app */ = {isa = PBXFileReference; explicitFileType = wrapper.application; includeInIndex = 0; path = Instagram.app; sourceTree = BUILT_PRODUCTS_DIR; };
		BB50488927ED416900A1123F /* AppDelegate.swift */ = {isa = PBXFileReference; lastKnownFileType = sourcecode.swift; path = AppDelegate.swift; sourceTree = "<group>"; };
		BB50488B27ED416900A1123F /* SceneDelegate.swift */ = {isa = PBXFileReference; lastKnownFileType = sourcecode.swift; path = SceneDelegate.swift; sourceTree = "<group>"; };
		BB50489027ED416900A1123F /* Base */ = {isa = PBXFileReference; lastKnownFileType = file.storyboard; name = Base; path = Base.lproj/Main.storyboard; sourceTree = "<group>"; };
		BB50489327ED416900A1123F /* Instagram.xcdatamodel */ = {isa = PBXFileReference; lastKnownFileType = wrapper.xcdatamodel; path = Instagram.xcdatamodel; sourceTree = "<group>"; };
		BB50489527ED416C00A1123F /* Assets.xcassets */ = {isa = PBXFileReference; lastKnownFileType = folder.assetcatalog; path = Assets.xcassets; sourceTree = "<group>"; };
		BB50489827ED416C00A1123F /* Base */ = {isa = PBXFileReference; lastKnownFileType = file.storyboard; name = Base; path = Base.lproj/LaunchScreen.storyboard; sourceTree = "<group>"; };
		BB50489A27ED416C00A1123F /* Info.plist */ = {isa = PBXFileReference; lastKnownFileType = text.plist.xml; path = Info.plist; sourceTree = "<group>"; };
		BB50489F27ED416C00A1123F /* InstagramTests.xctest */ = {isa = PBXFileReference; explicitFileType = wrapper.cfbundle; includeInIndex = 0; path = InstagramTests.xctest; sourceTree = BUILT_PRODUCTS_DIR; };
		BB5048A327ED416C00A1123F /* InstagramTests.swift */ = {isa = PBXFileReference; lastKnownFileType = sourcecode.swift; path = InstagramTests.swift; sourceTree = "<group>"; };
		BB5048A927ED416C00A1123F /* InstagramUITests.xctest */ = {isa = PBXFileReference; explicitFileType = wrapper.cfbundle; includeInIndex = 0; path = InstagramUITests.xctest; sourceTree = BUILT_PRODUCTS_DIR; };
		BB5048AD27ED416C00A1123F /* InstagramUITests.swift */ = {isa = PBXFileReference; lastKnownFileType = sourcecode.swift; path = InstagramUITests.swift; sourceTree = "<group>"; };
		BB5048AF27ED416C00A1123F /* InstagramUITestsLaunchTests.swift */ = {isa = PBXFileReference; lastKnownFileType = sourcecode.swift; path = InstagramUITestsLaunchTests.swift; sourceTree = "<group>"; };
		BB5048BC27ED46D500A1123F /* FeedViewController.swift */ = {isa = PBXFileReference; lastKnownFileType = sourcecode.swift; path = FeedViewController.swift; sourceTree = "<group>"; };
		BB5048BE27ED46EA00A1123F /* LoginViewController.swift */ = {isa = PBXFileReference; lastKnownFileType = sourcecode.swift; path = LoginViewController.swift; sourceTree = "<group>"; };
		BB5048C027ED4C2200A1123F /* CameraViewController.swift */ = {isa = PBXFileReference; lastKnownFileType = sourcecode.swift; path = CameraViewController.swift; sourceTree = "<group>"; };
		BB5048C227ED56F800A1123F /* PostCell.swift */ = {isa = PBXFileReference; lastKnownFileType = sourcecode.swift; path = PostCell.swift; sourceTree = "<group>"; };
		BBA0A24027F637B200255DFB /* CommentTableViewCell.swift */ = {isa = PBXFileReference; lastKnownFileType = sourcecode.swift; path = CommentTableViewCell.swift; sourceTree = "<group>"; };
/* End PBXFileReference section */

/* Begin PBXFrameworksBuildPhase section */
		BB50488327ED416900A1123F /* Frameworks */ = {
			isa = PBXFrameworksBuildPhase;
			buildActionMask = 2147483647;
			files = (
				70CB57C6F4BF3282987EB016 /* Pods_Instagram.framework in Frameworks */,
			);
			runOnlyForDeploymentPostprocessing = 0;
		};
		BB50489C27ED416C00A1123F /* Frameworks */ = {
			isa = PBXFrameworksBuildPhase;
			buildActionMask = 2147483647;
			files = (
				899505A64BEFFED9F2DFB34E /* Pods_InstagramTests.framework in Frameworks */,
			);
			runOnlyForDeploymentPostprocessing = 0;
		};
		BB5048A627ED416C00A1123F /* Frameworks */ = {
			isa = PBXFrameworksBuildPhase;
			buildActionMask = 2147483647;
			files = (
				0F1357F1ED130937FE6DDC62 /* Pods_Instagram_InstagramUITests.framework in Frameworks */,
			);
			runOnlyForDeploymentPostprocessing = 0;
		};
/* End PBXFrameworksBuildPhase section */

/* Begin PBXGroup section */
		4F90C10CDDA985A71BCCB9D5 /* Pods */ = {
			isa = PBXGroup;
			children = (
				16A13633D6A9BFF19EA35C5F /* Pods-Instagram.debug.xcconfig */,
				95CC482FAFCAF600C81F798A /* Pods-Instagram.release.xcconfig */,
				6C72971113A08E48CDDF6792 /* Pods-Instagram-InstagramUITests.debug.xcconfig */,
				95E00EBFD61948AAA14F926C /* Pods-Instagram-InstagramUITests.release.xcconfig */,
				01DCB2E6AC0F4FFBBFDDDFCD /* Pods-InstagramTests.debug.xcconfig */,
				A3A6C6C4EF19F072AB41925A /* Pods-InstagramTests.release.xcconfig */,
			);
			path = Pods;
			sourceTree = "<group>";
		};
		947D4C0195B4AA2F2186B02B /* Frameworks */ = {
			isa = PBXGroup;
			children = (
				15AB999B7398EBBC1DE45FA8 /* Pods_Instagram.framework */,
				43878ADDDCEDBCCE77E9F13B /* Pods_Instagram_InstagramUITests.framework */,
				AE6B9BF3FC627065464E8B7E /* Pods_InstagramTests.framework */,
			);
			name = Frameworks;
			sourceTree = "<group>";
		};
		BB50487D27ED416900A1123F = {
			isa = PBXGroup;
			children = (
				BB50488827ED416900A1123F /* Instagram */,
				BB5048A227ED416C00A1123F /* InstagramTests */,
				BB5048AC27ED416C00A1123F /* InstagramUITests */,
				BB50488727ED416900A1123F /* Products */,
				4F90C10CDDA985A71BCCB9D5 /* Pods */,
				947D4C0195B4AA2F2186B02B /* Frameworks */,
			);
			sourceTree = "<group>";
		};
		BB50488727ED416900A1123F /* Products */ = {
			isa = PBXGroup;
			children = (
				BB50488627ED416900A1123F /* Instagram.app */,
				BB50489F27ED416C00A1123F /* InstagramTests.xctest */,
				BB5048A927ED416C00A1123F /* InstagramUITests.xctest */,
			);
			name = Products;
			sourceTree = "<group>";
		};
		BB50488827ED416900A1123F /* Instagram */ = {
			isa = PBXGroup;
			children = (
				BB50488927ED416900A1123F /* AppDelegate.swift */,
				BB50488B27ED416900A1123F /* SceneDelegate.swift */,
				BB5048BE27ED46EA00A1123F /* LoginViewController.swift */,
				BB5048BC27ED46D500A1123F /* FeedViewController.swift */,
				BBA0A24027F637B200255DFB /* CommentTableViewCell.swift */,
				BB5048C027ED4C2200A1123F /* CameraViewController.swift */,
				BB50488F27ED416900A1123F /* Main.storyboard */,
				BB50489527ED416C00A1123F /* Assets.xcassets */,
				BB50489727ED416C00A1123F /* LaunchScreen.storyboard */,
				BB50489A27ED416C00A1123F /* Info.plist */,
				BB50489227ED416900A1123F /* Instagram.xcdatamodeld */,
				BB5048C227ED56F800A1123F /* PostCell.swift */,
			);
			path = Instagram;
			sourceTree = "<group>";
		};
		BB5048A227ED416C00A1123F /* InstagramTests */ = {
			isa = PBXGroup;
			children = (
				BB5048A327ED416C00A1123F /* InstagramTests.swift */,
			);
			path = InstagramTests;
			sourceTree = "<group>";
		};
		BB5048AC27ED416C00A1123F /* InstagramUITests */ = {
			isa = PBXGroup;
			children = (
				BB5048AD27ED416C00A1123F /* InstagramUITests.swift */,
				BB5048AF27ED416C00A1123F /* InstagramUITestsLaunchTests.swift */,
			);
			path = InstagramUITests;
			sourceTree = "<group>";
		};
/* End PBXGroup section */

/* Begin PBXNativeTarget section */
		BB50488527ED416900A1123F /* Instagram */ = {
			isa = PBXNativeTarget;
			buildConfigurationList = BB5048B327ED416C00A1123F /* Build configuration list for PBXNativeTarget "Instagram" */;
			buildPhases = (
				E98A2F981F867DAAEE34421E /* [CP] Check Pods Manifest.lock */,
				BB50488227ED416900A1123F /* Sources */,
				BB50488327ED416900A1123F /* Frameworks */,
				BB50488427ED416900A1123F /* Resources */,
				BB89EE6319EB76C016CAB144 /* [CP] Embed Pods Frameworks */,
			);
			buildRules = (
			);
			dependencies = (
			);
			name = Instagram;
			productName = Instagram;
			productReference = BB50488627ED416900A1123F /* Instagram.app */;
			productType = "com.apple.product-type.application";
		};
		BB50489E27ED416C00A1123F /* InstagramTests */ = {
			isa = PBXNativeTarget;
			buildConfigurationList = BB5048B627ED416C00A1123F /* Build configuration list for PBXNativeTarget "InstagramTests" */;
			buildPhases = (
				643924357B4C28614E6B9584 /* [CP] Check Pods Manifest.lock */,
				BB50489B27ED416C00A1123F /* Sources */,
				BB50489C27ED416C00A1123F /* Frameworks */,
				BB50489D27ED416C00A1123F /* Resources */,
			);
			buildRules = (
			);
			dependencies = (
				BB5048A127ED416C00A1123F /* PBXTargetDependency */,
			);
			name = InstagramTests;
			productName = InstagramTests;
			productReference = BB50489F27ED416C00A1123F /* InstagramTests.xctest */;
			productType = "com.apple.product-type.bundle.unit-test";
		};
		BB5048A827ED416C00A1123F /* InstagramUITests */ = {
			isa = PBXNativeTarget;
			buildConfigurationList = BB5048B927ED416C00A1123F /* Build configuration list for PBXNativeTarget "InstagramUITests" */;
			buildPhases = (
				4CC11AA132DBA32D8D883FAE /* [CP] Check Pods Manifest.lock */,
				BB5048A527ED416C00A1123F /* Sources */,
				BB5048A627ED416C00A1123F /* Frameworks */,
				BB5048A727ED416C00A1123F /* Resources */,
				139AC7828ECB1A0D11C40717 /* [CP] Embed Pods Frameworks */,
			);
			buildRules = (
			);
			dependencies = (
				BB5048AB27ED416C00A1123F /* PBXTargetDependency */,
			);
			name = InstagramUITests;
			productName = InstagramUITests;
			productReference = BB5048A927ED416C00A1123F /* InstagramUITests.xctest */;
			productType = "com.apple.product-type.bundle.ui-testing";
		};
/* End PBXNativeTarget section */

/* Begin PBXProject section */
		BB50487E27ED416900A1123F /* Project object */ = {
			isa = PBXProject;
			attributes = {
				BuildIndependentTargetsInParallel = 1;
				LastSwiftUpdateCheck = 1310;
				LastUpgradeCheck = 1310;
				TargetAttributes = {
					BB50488527ED416900A1123F = {
						CreatedOnToolsVersion = 13.1;
					};
					BB50489E27ED416C00A1123F = {
						CreatedOnToolsVersion = 13.1;
						TestTargetID = BB50488527ED416900A1123F;
					};
					BB5048A827ED416C00A1123F = {
						CreatedOnToolsVersion = 13.1;
						TestTargetID = BB50488527ED416900A1123F;
					};
				};
			};
			buildConfigurationList = BB50488127ED416900A1123F /* Build configuration list for PBXProject "Instagram" */;
			compatibilityVersion = "Xcode 13.0";
			developmentRegion = en;
			hasScannedForEncodings = 0;
			knownRegions = (
				en,
				Base,
			);
			mainGroup = BB50487D27ED416900A1123F;
			productRefGroup = BB50488727ED416900A1123F /* Products */;
			projectDirPath = "";
			projectRoot = "";
			targets = (
				BB50488527ED416900A1123F /* Instagram */,
				BB50489E27ED416C00A1123F /* InstagramTests */,
				BB5048A827ED416C00A1123F /* InstagramUITests */,
			);
		};
/* End PBXProject section */

/* Begin PBXResourcesBuildPhase section */
		BB50488427ED416900A1123F /* Resources */ = {
			isa = PBXResourcesBuildPhase;
			buildActionMask = 2147483647;
			files = (
				BB50489927ED416C00A1123F /* LaunchScreen.storyboard in Resources */,
				BB50489627ED416C00A1123F /* Assets.xcassets in Resources */,
				BB50489127ED416900A1123F /* Main.storyboard in Resources */,
			);
			runOnlyForDeploymentPostprocessing = 0;
		};
		BB50489D27ED416C00A1123F /* Resources */ = {
			isa = PBXResourcesBuildPhase;
			buildActionMask = 2147483647;
			files = (
			);
			runOnlyForDeploymentPostprocessing = 0;
		};
		BB5048A727ED416C00A1123F /* Resources */ = {
			isa = PBXResourcesBuildPhase;
			buildActionMask = 2147483647;
			files = (
			);
			runOnlyForDeploymentPostprocessing = 0;
		};
/* End PBXResourcesBuildPhase section */

/* Begin PBXShellScriptBuildPhase section */
		139AC7828ECB1A0D11C40717 /* [CP] Embed Pods Frameworks */ = {
			isa = PBXShellScriptBuildPhase;
			buildActionMask = 2147483647;
			files = (
			);
			inputFileListPaths = (
				"${PODS_ROOT}/Target Support Files/Pods-Instagram-InstagramUITests/Pods-Instagram-InstagramUITests-frameworks-${CONFIGURATION}-input-files.xcfilelist",
			);
			name = "[CP] Embed Pods Frameworks";
			outputFileListPaths = (
				"${PODS_ROOT}/Target Support Files/Pods-Instagram-InstagramUITests/Pods-Instagram-InstagramUITests-frameworks-${CONFIGURATION}-output-files.xcfilelist",
			);
			runOnlyForDeploymentPostprocessing = 0;
			shellPath = /bin/sh;
			shellScript = "\"${PODS_ROOT}/Target Support Files/Pods-Instagram-InstagramUITests/Pods-Instagram-InstagramUITests-frameworks.sh\"\n";
			showEnvVarsInLog = 0;
		};
		4CC11AA132DBA32D8D883FAE /* [CP] Check Pods Manifest.lock */ = {
			isa = PBXShellScriptBuildPhase;
			buildActionMask = 2147483647;
			files = (
			);
			inputFileListPaths = (
			);
			inputPaths = (
				"${PODS_PODFILE_DIR_PATH}/Podfile.lock",
				"${PODS_ROOT}/Manifest.lock",
			);
			name = "[CP] Check Pods Manifest.lock";
			outputFileListPaths = (
			);
			outputPaths = (
				"$(DERIVED_FILE_DIR)/Pods-Instagram-InstagramUITests-checkManifestLockResult.txt",
			);
			runOnlyForDeploymentPostprocessing = 0;
			shellPath = /bin/sh;
			shellScript = "diff \"${PODS_PODFILE_DIR_PATH}/Podfile.lock\" \"${PODS_ROOT}/Manifest.lock\" > /dev/null\nif [ $? != 0 ] ; then\n    # print error to STDERR\n    echo \"error: The sandbox is not in sync with the Podfile.lock. Run 'pod install' or update your CocoaPods installation.\" >&2\n    exit 1\nfi\n# This output is used by Xcode 'outputs' to avoid re-running this script phase.\necho \"SUCCESS\" > \"${SCRIPT_OUTPUT_FILE_0}\"\n";
			showEnvVarsInLog = 0;
		};
		643924357B4C28614E6B9584 /* [CP] Check Pods Manifest.lock */ = {
			isa = PBXShellScriptBuildPhase;
			buildActionMask = 2147483647;
			files = (
			);
			inputFileListPaths = (
			);
			inputPaths = (
				"${PODS_PODFILE_DIR_PATH}/Podfile.lock",
				"${PODS_ROOT}/Manifest.lock",
			);
			name = "[CP] Check Pods Manifest.lock";
			outputFileListPaths = (
			);
			outputPaths = (
				"$(DERIVED_FILE_DIR)/Pods-InstagramTests-checkManifestLockResult.txt",
			);
			runOnlyForDeploymentPostprocessing = 0;
			shellPath = /bin/sh;
			shellScript = "diff \"${PODS_PODFILE_DIR_PATH}/Podfile.lock\" \"${PODS_ROOT}/Manifest.lock\" > /dev/null\nif [ $? != 0 ] ; then\n    # print error to STDERR\n    echo \"error: The sandbox is not in sync with the Podfile.lock. Run 'pod install' or update your CocoaPods installation.\" >&2\n    exit 1\nfi\n# This output is used by Xcode 'outputs' to avoid re-running this script phase.\necho \"SUCCESS\" > \"${SCRIPT_OUTPUT_FILE_0}\"\n";
			showEnvVarsInLog = 0;
		};
		BB89EE6319EB76C016CAB144 /* [CP] Embed Pods Frameworks */ = {
			isa = PBXShellScriptBuildPhase;
			buildActionMask = 2147483647;
			files = (
			);
			inputFileListPaths = (
				"${PODS_ROOT}/Target Support Files/Pods-Instagram/Pods-Instagram-frameworks-${CONFIGURATION}-input-files.xcfilelist",
			);
			name = "[CP] Embed Pods Frameworks";
			outputFileListPaths = (
				"${PODS_ROOT}/Target Support Files/Pods-Instagram/Pods-Instagram-frameworks-${CONFIGURATION}-output-files.xcfilelist",
			);
			runOnlyForDeploymentPostprocessing = 0;
			shellPath = /bin/sh;
			shellScript = "\"${PODS_ROOT}/Target Support Files/Pods-Instagram/Pods-Instagram-frameworks.sh\"\n";
			showEnvVarsInLog = 0;
		};
		E98A2F981F867DAAEE34421E /* [CP] Check Pods Manifest.lock */ = {
			isa = PBXShellScriptBuildPhase;
			buildActionMask = 2147483647;
			files = (
			);
			inputFileListPaths = (
			);
			inputPaths = (
				"${PODS_PODFILE_DIR_PATH}/Podfile.lock",
				"${PODS_ROOT}/Manifest.lock",
			);
			name = "[CP] Check Pods Manifest.lock";
			outputFileListPaths = (
			);
			outputPaths = (
				"$(DERIVED_FILE_DIR)/Pods-Instagram-checkManifestLockResult.txt",
			);
			runOnlyForDeploymentPostprocessing = 0;
			shellPath = /bin/sh;
			shellScript = "diff \"${PODS_PODFILE_DIR_PATH}/Podfile.lock\" \"${PODS_ROOT}/Manifest.lock\" > /dev/null\nif [ $? != 0 ] ; then\n    # print error to STDERR\n    echo \"error: The sandbox is not in sync with the Podfile.lock. Run 'pod install' or update your CocoaPods installation.\" >&2\n    exit 1\nfi\n# This output is used by Xcode 'outputs' to avoid re-running this script phase.\necho \"SUCCESS\" > \"${SCRIPT_OUTPUT_FILE_0}\"\n";
			showEnvVarsInLog = 0;
		};
/* End PBXShellScriptBuildPhase section */

/* Begin PBXSourcesBuildPhase section */
		BB50488227ED416900A1123F /* Sources */ = {
			isa = PBXSourcesBuildPhase;
			buildActionMask = 2147483647;
			files = (
				BB5048C327ED56F800A1123F /* PostCell.swift in Sources */,
				BB5048BF27ED46EA00A1123F /* LoginViewController.swift in Sources */,
				BB50489427ED416900A1123F /* Instagram.xcdatamodeld in Sources */,
				BBA0A24127F637B200255DFB /* CommentTableViewCell.swift in Sources */,
				BB5048BD27ED46D500A1123F /* FeedViewController.swift in Sources */,
				BB50488A27ED416900A1123F /* AppDelegate.swift in Sources */,
				BB50488C27ED416900A1123F /* SceneDelegate.swift in Sources */,
				BB5048C127ED4C2200A1123F /* CameraViewController.swift in Sources */,
			);
			runOnlyForDeploymentPostprocessing = 0;
		};
		BB50489B27ED416C00A1123F /* Sources */ = {
			isa = PBXSourcesBuildPhase;
			buildActionMask = 2147483647;
			files = (
				BB5048A427ED416C00A1123F /* InstagramTests.swift in Sources */,
			);
			runOnlyForDeploymentPostprocessing = 0;
		};
		BB5048A527ED416C00A1123F /* Sources */ = {
			isa = PBXSourcesBuildPhase;
			buildActionMask = 2147483647;
			files = (
				BB5048AE27ED416C00A1123F /* InstagramUITests.swift in Sources */,
				BB5048B027ED416C00A1123F /* InstagramUITestsLaunchTests.swift in Sources */,
			);
			runOnlyForDeploymentPostprocessing = 0;
		};
/* End PBXSourcesBuildPhase section */

/* Begin PBXTargetDependency section */
		BB5048A127ED416C00A1123F /* PBXTargetDependency */ = {
			isa = PBXTargetDependency;
			target = BB50488527ED416900A1123F /* Instagram */;
			targetProxy = BB5048A027ED416C00A1123F /* PBXContainerItemProxy */;
		};
		BB5048AB27ED416C00A1123F /* PBXTargetDependency */ = {
			isa = PBXTargetDependency;
			target = BB50488527ED416900A1123F /* Instagram */;
			targetProxy = BB5048AA27ED416C00A1123F /* PBXContainerItemProxy */;
		};
/* End PBXTargetDependency section */

/* Begin PBXVariantGroup section */
		BB50488F27ED416900A1123F /* Main.storyboard */ = {
			isa = PBXVariantGroup;
			children = (
				BB50489027ED416900A1123F /* Base */,
			);
			name = Main.storyboard;
			sourceTree = "<group>";
		};
		BB50489727ED416C00A1123F /* LaunchScreen.storyboard */ = {
			isa = PBXVariantGroup;
			children = (
				BB50489827ED416C00A1123F /* Base */,
			);
			name = LaunchScreen.storyboard;
			sourceTree = "<group>";
		};
/* End PBXVariantGroup section */

/* Begin XCBuildConfiguration section */
		BB5048B127ED416C00A1123F /* Debug */ = {
			isa = XCBuildConfiguration;
			buildSettings = {
				ALWAYS_SEARCH_USER_PATHS = NO;
				CLANG_ANALYZER_NONNULL = YES;
				CLANG_ANALYZER_NUMBER_OBJECT_CONVERSION = YES_AGGRESSIVE;
				CLANG_CXX_LANGUAGE_STANDARD = "gnu++17";
				CLANG_CXX_LIBRARY = "libc++";
				CLANG_ENABLE_MODULES = YES;
				CLANG_ENABLE_OBJC_ARC = YES;
				CLANG_ENABLE_OBJC_WEAK = YES;
				CLANG_WARN_BLOCK_CAPTURE_AUTORELEASING = YES;
				CLANG_WARN_BOOL_CONVERSION = YES;
				CLANG_WARN_COMMA = YES;
				CLANG_WARN_CONSTANT_CONVERSION = YES;
				CLANG_WARN_DEPRECATED_OBJC_IMPLEMENTATIONS = YES;
				CLANG_WARN_DIRECT_OBJC_ISA_USAGE = YES_ERROR;
				CLANG_WARN_DOCUMENTATION_COMMENTS = YES;
				CLANG_WARN_EMPTY_BODY = YES;
				CLANG_WARN_ENUM_CONVERSION = YES;
				CLANG_WARN_INFINITE_RECURSION = YES;
				CLANG_WARN_INT_CONVERSION = YES;
				CLANG_WARN_NON_LITERAL_NULL_CONVERSION = YES;
				CLANG_WARN_OBJC_IMPLICIT_RETAIN_SELF = YES;
				CLANG_WARN_OBJC_LITERAL_CONVERSION = YES;
				CLANG_WARN_OBJC_ROOT_CLASS = YES_ERROR;
				CLANG_WARN_QUOTED_INCLUDE_IN_FRAMEWORK_HEADER = YES;
				CLANG_WARN_RANGE_LOOP_ANALYSIS = YES;
				CLANG_WARN_STRICT_PROTOTYPES = YES;
				CLANG_WARN_SUSPICIOUS_MOVE = YES;
				CLANG_WARN_UNGUARDED_AVAILABILITY = YES_AGGRESSIVE;
				CLANG_WARN_UNREACHABLE_CODE = YES;
				CLANG_WARN__DUPLICATE_METHOD_MATCH = YES;
				COPY_PHASE_STRIP = NO;
				DEBUG_INFORMATION_FORMAT = dwarf;
				ENABLE_STRICT_OBJC_MSGSEND = YES;
				ENABLE_TESTABILITY = YES;
				GCC_C_LANGUAGE_STANDARD = gnu11;
				GCC_DYNAMIC_NO_PIC = NO;
				GCC_NO_COMMON_BLOCKS = YES;
				GCC_OPTIMIZATION_LEVEL = 0;
				GCC_PREPROCESSOR_DEFINITIONS = (
					"DEBUG=1",
					"$(inherited)",
				);
				GCC_WARN_64_TO_32_BIT_CONVERSION = YES;
				GCC_WARN_ABOUT_RETURN_TYPE = YES_ERROR;
				GCC_WARN_UNDECLARED_SELECTOR = YES;
				GCC_WARN_UNINITIALIZED_AUTOS = YES_AGGRESSIVE;
				GCC_WARN_UNUSED_FUNCTION = YES;
				GCC_WARN_UNUSED_VARIABLE = YES;
				IPHONEOS_DEPLOYMENT_TARGET = 15.0;
				MTL_ENABLE_DEBUG_INFO = INCLUDE_SOURCE;
				MTL_FAST_MATH = YES;
				ONLY_ACTIVE_ARCH = YES;
				SDKROOT = iphoneos;
				SWIFT_ACTIVE_COMPILATION_CONDITIONS = DEBUG;
				SWIFT_OPTIMIZATION_LEVEL = "-Onone";
			};
			name = Debug;
		};
		BB5048B227ED416C00A1123F /* Release */ = {
			isa = XCBuildConfiguration;
			buildSettings = {
				ALWAYS_SEARCH_USER_PATHS = NO;
				CLANG_ANALYZER_NONNULL = YES;
				CLANG_ANALYZER_NUMBER_OBJECT_CONVERSION = YES_AGGRESSIVE;
				CLANG_CXX_LANGUAGE_STANDARD = "gnu++17";
				CLANG_CXX_LIBRARY = "libc++";
				CLANG_ENABLE_MODULES = YES;
				CLANG_ENABLE_OBJC_ARC = YES;
				CLANG_ENABLE_OBJC_WEAK = YES;
				CLANG_WARN_BLOCK_CAPTURE_AUTORELEASING = YES;
				CLANG_WARN_BOOL_CONVERSION = YES;
				CLANG_WARN_COMMA = YES;
				CLANG_WARN_CONSTANT_CONVERSION = YES;
				CLANG_WARN_DEPRECATED_OBJC_IMPLEMENTATIONS = YES;
				CLANG_WARN_DIRECT_OBJC_ISA_USAGE = YES_ERROR;
				CLANG_WARN_DOCUMENTATION_COMMENTS = YES;
				CLANG_WARN_EMPTY_BODY = YES;
				CLANG_WARN_ENUM_CONVERSION = YES;
				CLANG_WARN_INFINITE_RECURSION = YES;
				CLANG_WARN_INT_CONVERSION = YES;
				CLANG_WARN_NON_LITERAL_NULL_CONVERSION = YES;
				CLANG_WARN_OBJC_IMPLICIT_RETAIN_SELF = YES;
				CLANG_WARN_OBJC_LITERAL_CONVERSION = YES;
				CLANG_WARN_OBJC_ROOT_CLASS = YES_ERROR;
				CLANG_WARN_QUOTED_INCLUDE_IN_FRAMEWORK_HEADER = YES;
				CLANG_WARN_RANGE_LOOP_ANALYSIS = YES;
				CLANG_WARN_STRICT_PROTOTYPES = YES;
				CLANG_WARN_SUSPICIOUS_MOVE = YES;
				CLANG_WARN_UNGUARDED_AVAILABILITY = YES_AGGRESSIVE;
				CLANG_WARN_UNREACHABLE_CODE = YES;
				CLANG_WARN__DUPLICATE_METHOD_MATCH = YES;
				COPY_PHASE_STRIP = NO;
				DEBUG_INFORMATION_FORMAT = "dwarf-with-dsym";
				ENABLE_NS_ASSERTIONS = NO;
				ENABLE_STRICT_OBJC_MSGSEND = YES;
				GCC_C_LANGUAGE_STANDARD = gnu11;
				GCC_NO_COMMON_BLOCKS = YES;
				GCC_WARN_64_TO_32_BIT_CONVERSION = YES;
				GCC_WARN_ABOUT_RETURN_TYPE = YES_ERROR;
				GCC_WARN_UNDECLARED_SELECTOR = YES;
				GCC_WARN_UNINITIALIZED_AUTOS = YES_AGGRESSIVE;
				GCC_WARN_UNUSED_FUNCTION = YES;
				GCC_WARN_UNUSED_VARIABLE = YES;
				IPHONEOS_DEPLOYMENT_TARGET = 15.0;
				MTL_ENABLE_DEBUG_INFO = NO;
				MTL_FAST_MATH = YES;
				SDKROOT = iphoneos;
				SWIFT_COMPILATION_MODE = wholemodule;
				SWIFT_OPTIMIZATION_LEVEL = "-O";
				VALIDATE_PRODUCT = YES;
			};
			name = Release;
		};
		BB5048B427ED416C00A1123F /* Debug */ = {
			isa = XCBuildConfiguration;
			baseConfigurationReference = 16A13633D6A9BFF19EA35C5F /* Pods-Instagram.debug.xcconfig */;
			buildSettings = {
				ASSETCATALOG_COMPILER_APPICON_NAME = instaIcon;
				ASSETCATALOG_COMPILER_GLOBAL_ACCENT_COLOR_NAME = AccentColor;
				ASSETCATALOG_COMPILER_INCLUDE_ALL_APPICON_ASSETS = YES;
				CODE_SIGN_STYLE = Automatic;
				CURRENT_PROJECT_VERSION = 1;
				DEVELOPMENT_TEAM = UAS3LJRHNA;
				GENERATE_INFOPLIST_FILE = YES;
				INFOPLIST_FILE = Instagram/Info.plist;
				INFOPLIST_KEY_UIApplicationSupportsIndirectInputEvents = YES;
				INFOPLIST_KEY_UILaunchStoryboardName = LaunchScreen;
				INFOPLIST_KEY_UIMainStoryboardFile = Main;
				INFOPLIST_KEY_UISupportedInterfaceOrientations_iPad = "UIInterfaceOrientationPortrait UIInterfaceOrientationPortraitUpsideDown UIInterfaceOrientationLandscapeLeft UIInterfaceOrientationLandscapeRight";
				INFOPLIST_KEY_UISupportedInterfaceOrientations_iPhone = "UIInterfaceOrientationPortrait UIInterfaceOrientationLandscapeLeft UIInterfaceOrientationLandscapeRight";
				LD_RUNPATH_SEARCH_PATHS = (
					"$(inherited)",
					"@executable_path/Frameworks",
				);
				MARKETING_VERSION = 1.0;
				PRODUCT_BUNDLE_IDENTIFIER = Parbat.Instagram;
				PRODUCT_NAME = "$(TARGET_NAME)";
				SWIFT_EMIT_LOC_STRINGS = YES;
				SWIFT_VERSION = 5.0;
				TARGETED_DEVICE_FAMILY = "1,2";
			};
			name = Debug;
		};
		BB5048B527ED416C00A1123F /* Release */ = {
			isa = XCBuildConfiguration;
			baseConfigurationReference = 95CC482FAFCAF600C81F798A /* Pods-Instagram.release.xcconfig */;
			buildSettings = {
				ASSETCATALOG_COMPILER_APPICON_NAME = instaIcon;
				ASSETCATALOG_COMPILER_GLOBAL_ACCENT_COLOR_NAME = AccentColor;
				ASSETCATALOG_COMPILER_INCLUDE_ALL_APPICON_ASSETS = YES;
				CODE_SIGN_STYLE = Automatic;
				CURRENT_PROJECT_VERSION = 1;
				DEVELOPMENT_TEAM = UAS3LJRHNA;
				GENERATE_INFOPLIST_FILE = YES;
				INFOPLIST_FILE = Instagram/Info.plist;
				INFOPLIST_KEY_UIApplicationSupportsIndirectInputEvents = YES;
				INFOPLIST_KEY_UILaunchStoryboardName = LaunchScreen;
				INFOPLIST_KEY_UIMainStoryboardFile = Main;
				INFOPLIST_KEY_UISupportedInterfaceOrientations_iPad = "UIInterfaceOrientationPortrait UIInterfaceOrientationPortraitUpsideDown UIInterfaceOrientationLandscapeLeft UIInterfaceOrientationLandscapeRight";
				INFOPLIST_KEY_UISupportedInterfaceOrientations_iPhone = "UIInterfaceOrientationPortrait UIInterfaceOrientationLandscapeLeft UIInterfaceOrientationLandscapeRight";
				LD_RUNPATH_SEARCH_PATHS = (
					"$(inherited)",
					"@executable_path/Frameworks",
				);
				MARKETING_VERSION = 1.0;
				PRODUCT_BUNDLE_IDENTIFIER = Parbat.Instagram;
				PRODUCT_NAME = "$(TARGET_NAME)";
				SWIFT_EMIT_LOC_STRINGS = YES;
				SWIFT_VERSION = 5.0;
				TARGETED_DEVICE_FAMILY = "1,2";
			};
			name = Release;
		};
		BB5048B727ED416C00A1123F /* Debug */ = {
			isa = XCBuildConfiguration;
			baseConfigurationReference = 01DCB2E6AC0F4FFBBFDDDFCD /* Pods-InstagramTests.debug.xcconfig */;
			buildSettings = {
				ALWAYS_EMBED_SWIFT_STANDARD_LIBRARIES = YES;
				BUNDLE_LOADER = "$(TEST_HOST)";
				CODE_SIGN_STYLE = Automatic;
				CURRENT_PROJECT_VERSION = 1;
				DEVELOPMENT_TEAM = UAS3LJRHNA;
				GENERATE_INFOPLIST_FILE = YES;
				IPHONEOS_DEPLOYMENT_TARGET = 15.0;
				LD_RUNPATH_SEARCH_PATHS = (
					"$(inherited)",
					"@executable_path/Frameworks",
					"@loader_path/Frameworks",
				);
				MARKETING_VERSION = 1.0;
				PRODUCT_BUNDLE_IDENTIFIER = Parbat.InstagramTests;
				PRODUCT_NAME = "$(TARGET_NAME)";
				SWIFT_EMIT_LOC_STRINGS = NO;
				SWIFT_VERSION = 5.0;
				TARGETED_DEVICE_FAMILY = "1,2";
				TEST_HOST = "$(BUILT_PRODUCTS_DIR)/Instagram.app/Instagram";
			};
			name = Debug;
		};
		BB5048B827ED416C00A1123F /* Release */ = {
			isa = XCBuildConfiguration;
			baseConfigurationReference = A3A6C6C4EF19F072AB41925A /* Pods-InstagramTests.release.xcconfig */;
			buildSettings = {
				ALWAYS_EMBED_SWIFT_STANDARD_LIBRARIES = YES;
				BUNDLE_LOADER = "$(TEST_HOST)";
				CODE_SIGN_STYLE = Automatic;
				CURRENT_PROJECT_VERSION = 1;
				DEVELOPMENT_TEAM = UAS3LJRHNA;
				GENERATE_INFOPLIST_FILE = YES;
				IPHONEOS_DEPLOYMENT_TARGET = 15.0;
				LD_RUNPATH_SEARCH_PATHS = (
					"$(inherited)",
					"@executable_path/Frameworks",
					"@loader_path/Frameworks",
				);
				MARKETING_VERSION = 1.0;
				PRODUCT_BUNDLE_IDENTIFIER = Parbat.InstagramTests;
				PRODUCT_NAME = "$(TARGET_NAME)";
				SWIFT_EMIT_LOC_STRINGS = NO;
				SWIFT_VERSION = 5.0;
				TARGETED_DEVICE_FAMILY = "1,2";
				TEST_HOST = "$(BUILT_PRODUCTS_DIR)/Instagram.app/Instagram";
			};
			name = Release;
		};
		BB5048BA27ED416C00A1123F /* Debug */ = {
			isa = XCBuildConfiguration;
			baseConfigurationReference = 6C72971113A08E48CDDF6792 /* Pods-Instagram-InstagramUITests.debug.xcconfig */;
			buildSettings = {
				ALWAYS_EMBED_SWIFT_STANDARD_LIBRARIES = YES;
				CODE_SIGN_STYLE = Automatic;
				CURRENT_PROJECT_VERSION = 1;
				DEVELOPMENT_TEAM = UAS3LJRHNA;
				GENERATE_INFOPLIST_FILE = YES;
				LD_RUNPATH_SEARCH_PATHS = (
					"$(inherited)",
					"@executable_path/Frameworks",
					"@loader_path/Frameworks",
				);
				MARKETING_VERSION = 1.0;
				PRODUCT_BUNDLE_IDENTIFIER = Parbat.InstagramUITests;
				PRODUCT_NAME = "$(TARGET_NAME)";
				SWIFT_EMIT_LOC_STRINGS = NO;
				SWIFT_VERSION = 5.0;
				TARGETED_DEVICE_FAMILY = "1,2";
				TEST_TARGET_NAME = Instagram;
			};
			name = Debug;
		};
		BB5048BB27ED416C00A1123F /* Release */ = {
			isa = XCBuildConfiguration;
			baseConfigurationReference = 95E00EBFD61948AAA14F926C /* Pods-Instagram-InstagramUITests.release.xcconfig */;
			buildSettings = {
				ALWAYS_EMBED_SWIFT_STANDARD_LIBRARIES = YES;
				CODE_SIGN_STYLE = Automatic;
				CURRENT_PROJECT_VERSION = 1;
				DEVELOPMENT_TEAM = UAS3LJRHNA;
				GENERATE_INFOPLIST_FILE = YES;
				LD_RUNPATH_SEARCH_PATHS = (
					"$(inherited)",
					"@executable_path/Frameworks",
					"@loader_path/Frameworks",
				);
				MARKETING_VERSION = 1.0;
				PRODUCT_BUNDLE_IDENTIFIER = Parbat.InstagramUITests;
				PRODUCT_NAME = "$(TARGET_NAME)";
				SWIFT_EMIT_LOC_STRINGS = NO;
				SWIFT_VERSION = 5.0;
				TARGETED_DEVICE_FAMILY = "1,2";
				TEST_TARGET_NAME = Instagram;
			};
			name = Release;
		};
/* End XCBuildConfiguration section */

/* Begin XCConfigurationList section */
		BB50488127ED416900A1123F /* Build configuration list for PBXProject "Instagram" */ = {
			isa = XCConfigurationList;
			buildConfigurations = (
				BB5048B127ED416C00A1123F /* Debug */,
				BB5048B227ED416C00A1123F /* Release */,
			);
			defaultConfigurationIsVisible = 0;
			defaultConfigurationName = Release;
		};
		BB5048B327ED416C00A1123F /* Build configuration list for PBXNativeTarget "Instagram" */ = {
			isa = XCConfigurationList;
			buildConfigurations = (
				BB5048B427ED416C00A1123F /* Debug */,
				BB5048B527ED416C00A1123F /* Release */,
			);
			defaultConfigurationIsVisible = 0;
			defaultConfigurationName = Release;
		};
		BB5048B627ED416C00A1123F /* Build configuration list for PBXNativeTarget "InstagramTests" */ = {
			isa = XCConfigurationList;
			buildConfigurations = (
				BB5048B727ED416C00A1123F /* Debug */,
				BB5048B827ED416C00A1123F /* Release */,
			);
			defaultConfigurationIsVisible = 0;
			defaultConfigurationName = Release;
		};
		BB5048B927ED416C00A1123F /* Build configuration list for PBXNativeTarget "InstagramUITests" */ = {
			isa = XCConfigurationList;
			buildConfigurations = (
				BB5048BA27ED416C00A1123F /* Debug */,
				BB5048BB27ED416C00A1123F /* Release */,
			);
			defaultConfigurationIsVisible = 0;
			defaultConfigurationName = Release;
		};
/* End XCConfigurationList section */

/* Begin XCVersionGroup section */
		BB50489227ED416900A1123F /* Instagram.xcdatamodeld */ = {
			isa = XCVersionGroup;
			children = (
				BB50489327ED416900A1123F /* Instagram.xcdatamodel */,
			);
			currentVersion = BB50489327ED416900A1123F /* Instagram.xcdatamodel */;
			path = Instagram.xcdatamodeld;
			sourceTree = "<group>";
			versionGroupType = wrapper.xcdatamodel;
		};
/* End XCVersionGroup section */
	};
	rootObject = BB50487E27ED416900A1123F /* Project object */;
}
